{
  "name": "esptr",
  "version": "0.2.8",
  "lockfileVersion": 3,
  "requires": true,
  "packages": {
    "": {
      "name": "esptr",
      "version": "0.2.8",
      "license": "MIT",
      "dependencies": {
        "@ihasq/random": "npm:@jsr/ihasq__random@^0.1.4"
      }
    },
    "node_modules/@ihasq/random": {
      "name": "@jsr/ihasq__random",
      "version": "0.1.4",
      "resolved": "https://npm.jsr.io/~/11/@jsr/ihasq__random/0.1.4.tgz",
      "integrity": "sha512-wQsdDKEnHM/4Nt6/TntcHhpVfRBDbAH1FndYXA1Iyu9VtV7TFESZwmrDJN523sYwyPVe98EH4aJtthIeIqJsFA=="
    }
  }
}
